
Microsoft Visual Studio Solution File, Format Version 12.00
# Visual Studio 15
VisualStudioVersion = 15.0.28307.106
MinimumVisualStudioVersion = 10.0.40219.1
Project("{FAE04EC0-301F-11D3-BF4B-00C04F79EFBC}") = "ASP.NET Hash Generator", "ASP.NET Hash Generator\ASP.NET Hash Generator.csproj", "{9774F060-5E1E-45F1-BAE6-54E1AA065A11}"
EndProject
Global
	GlobalSection(SolutionConfigurationPlatforms) = preSolution
		Debug|Any CPU = Debug|Any CPU
		Release|Any CPU = Release|Any CPU
	EndGlobalSection
	GlobalSection(ProjectConfigurationPlatforms) = postSolution
		{9774F060-5E1E-45F1-BAE6-54E1AA065A11}.Debug|Any CPU.ActiveCfg = Debug|Any CPU
		{9774F060-5E1E-45F1-BAE6-54E1AA065A11}.Debug|Any CPU.Build.0 = Debug|Any CPU
		{9774F060-5E1E-45F1-BAE6-54E1AA065A11}.Release|Any CPU.ActiveCfg = Release|Any CPU
		{9774F060-5E1E-45F1-BAE6-54E1AA065A11}.Release|Any CPU.Build.0 = Release|Any CPU
	EndGlobalSection
	GlobalSection(SolutionProperties) = preSolution
		HideSolutionNode = FALSE
	EndGlobalSection
	GlobalSection(ExtensibilityGlobals) = postSolution
		SolutionGuid = {5EE45D85-C7D7-4ED1-B0F2-BC0B02DBB1B9}
	EndGlobalSection
EndGlobal
